// !$*UTF8*$!
{
	archiveVersion = 1;
	classes = {
	};
	objectVersion = 51;
	objects = {

/* Begin PBXBuildFile section */
		12450D1623C8DF60005ABB4A /* AppDelegate.swift in Sources */ = {isa = PBXBuildFile; fileRef = 12450D1523C8DF60005ABB4A /* AppDelegate.swift */; };
		12450D1823C8DF60005ABB4A /* SceneDelegate.swift in Sources */ = {isa = PBXBuildFile; fileRef = 12450D1723C8DF60005ABB4A /* SceneDelegate.swift */; };
		12450D1A23C8DF60005ABB4A /* LoginViewController.swift in Sources */ = {isa = PBXBuildFile; fileRef = 12450D1923C8DF60005ABB4A /* LoginViewController.swift */; };
		12450D1D23C8DF60005ABB4A /* Main.storyboard in Resources */ = {isa = PBXBuildFile; fileRef = 12450D1B23C8DF60005ABB4A /* Main.storyboard */; };
		12450D1F23C8DF61005ABB4A /* Assets.xcassets in Resources */ = {isa = PBXBuildFile; fileRef = 12450D1E23C8DF61005ABB4A /* Assets.xcassets */; };
		12450D2223C8DF61005ABB4A /* LaunchScreen.storyboard in Resources */ = {isa = PBXBuildFile; fileRef = 12450D2023C8DF61005ABB4A /* LaunchScreen.storyboard */; };
		12450D2F23C8EC8E005ABB4A /* NetworkClient.swift in Sources */ = {isa = PBXBuildFile; fileRef = 12450D2E23C8EC8E005ABB4A /* NetworkClient.swift */; };
		12450D3B23C8FF20005ABB4A /* MapViewController.swift in Sources */ = {isa = PBXBuildFile; fileRef = 12450D3A23C8FF20005ABB4A /* MapViewController.swift */; };
		12450D3F23C90038005ABB4A /* LocationListTableViewController.swift in Sources */ = {isa = PBXBuildFile; fileRef = 12450D3E23C90038005ABB4A /* LocationListTableViewController.swift */; };
		12450D4223C9B6E0005ABB4A /* String+Extension.swift in Sources */ = {isa = PBXBuildFile; fileRef = 12450D4123C9B6E0005ABB4A /* String+Extension.swift */; };
		12450D4423C9BE76005ABB4A /* LoginRequest.swift in Sources */ = {isa = PBXBuildFile; fileRef = 12450D4323C9BE76005ABB4A /* LoginRequest.swift */; };
		12450D4623C9C2AE005ABB4A /* LoginResponse.swift in Sources */ = {isa = PBXBuildFile; fileRef = 12450D4523C9C2AE005ABB4A /* LoginResponse.swift */; };
		12450D4823C9C310005ABB4A /* Account.swift in Sources */ = {isa = PBXBuildFile; fileRef = 12450D4723C9C310005ABB4A /* Account.swift */; };
		12450D4A23C9C349005ABB4A /* Session.swift in Sources */ = {isa = PBXBuildFile; fileRef = 12450D4923C9C349005ABB4A /* Session.swift */; };
		12450D4E23C9CA4C005ABB4A /* ErrorResponse.swift in Sources */ = {isa = PBXBuildFile; fileRef = 12450D4D23C9CA4C005ABB4A /* ErrorResponse.swift */; };
		12450D5223CA4673005ABB4A /* UIViewController+Extension.swift in Sources */ = {isa = PBXBuildFile; fileRef = 12450D5123CA4673005ABB4A /* UIViewController+Extension.swift */; };
		12450D5623CA5856005ABB4A /* UIColors+Extension.swift in Sources */ = {isa = PBXBuildFile; fileRef = 12450D5523CA5856005ABB4A /* UIColors+Extension.swift */; };
		12450D5A23CA5D6A005ABB4A /* StudentLocationManager.swift in Sources */ = {isa = PBXBuildFile; fileRef = 12450D5923CA5D6A005ABB4A /* StudentLocationManager.swift */; };
		12450D5E23CA5F1C005ABB4A /* User.swift in Sources */ = {isa = PBXBuildFile; fileRef = 12450D5D23CA5F1C005ABB4A /* User.swift */; };
		12450D6023CA7504005ABB4A /* StudentInformation.swift in Sources */ = {isa = PBXBuildFile; fileRef = 12450D5F23CA7504005ABB4A /* StudentInformation.swift */; };
		12450D6223CA78A4005ABB4A /* LocationResult.swift in Sources */ = {isa = PBXBuildFile; fileRef = 12450D6123CA78A4005ABB4A /* LocationResult.swift */; };
		12450D6423CA848C005ABB4A /* StudentLocationTableViewCell.swift in Sources */ = {isa = PBXBuildFile; fileRef = 12450D6323CA848C005ABB4A /* StudentLocationTableViewCell.swift */; };
		12450D6623CB57CA005ABB4A /* StudentAnnotation.swift in Sources */ = {isa = PBXBuildFile; fileRef = 12450D6523CB57C9005ABB4A /* StudentAnnotation.swift */; };
		12B954B223CB7ABB0032F549 /* AddLocationViewController.swift in Sources */ = {isa = PBXBuildFile; fileRef = 12B954B123CB7ABB0032F549 /* AddLocationViewController.swift */; };
		12B954B423CB7D640032F549 /* Button+Extension.swift in Sources */ = {isa = PBXBuildFile; fileRef = 12B954B323CB7D640032F549 /* Button+Extension.swift */; };
		12B954B623CB81250032F549 /* AddUserLocationRequest.swift in Sources */ = {isa = PBXBuildFile; fileRef = 12B954B523CB81250032F549 /* AddUserLocationRequest.swift */; };
		12B954B823CB85E20032F549 /* NewLocationPreviewViewController.swift in Sources */ = {isa = PBXBuildFile; fileRef = 12B954B723CB85E20032F549 /* NewLocationPreviewViewController.swift */; };
		12B954BA23CB95830032F549 /* AddLocationResponse.swift in Sources */ = {isa = PBXBuildFile; fileRef = 12B954B923CB95830032F549 /* AddLocationResponse.swift */; };
		12B954BC23CBA0720032F549 /* UpdateLocationResponse.swift in Sources */ = {isa = PBXBuildFile; fileRef = 12B954BB23CBA0720032F549 /* UpdateLocationResponse.swift */; };
		2548B51B989CED838F9466C7 /* Pods_On_the_Map.framework in Frameworks */ = {isa = PBXBuildFile; fileRef = 3141DD5C6BFC3DC371885385 /* Pods_On_the_Map.framework */; };
/* End PBXBuildFile section */

/* Begin PBXFileReference section */
		12450D1223C8DF60005ABB4A /* On the Map.app */ = {isa = PBXFileReference; explicitFileType = wrapper.application; includeInIndex = 0; path = "On the Map.app"; sourceTree = BUILT_PRODUCTS_DIR; };
		12450D1523C8DF60005ABB4A /* AppDelegate.swift */ = {isa = PBXFileReference; lastKnownFileType = sourcecode.swift; path = AppDelegate.swift; sourceTree = "<group>"; };
		12450D1723C8DF60005ABB4A /* SceneDelegate.swift */ = {isa = PBXFileReference; lastKnownFileType = sourcecode.swift; path = SceneDelegate.swift; sourceTree = "<group>"; };
		12450D1923C8DF60005ABB4A /* LoginViewController.swift */ = {isa = PBXFileReference; lastKnownFileType = sourcecode.swift; path = LoginViewController.swift; sourceTree = "<group>"; };
		12450D1C23C8DF60005ABB4A /* Base */ = {isa = PBXFileReference; lastKnownFileType = file.storyboard; name = Base; path = Base.lproj/Main.storyboard; sourceTree = "<group>"; };
		12450D1E23C8DF61005ABB4A /* Assets.xcassets */ = {isa = PBXFileReference; lastKnownFileType = folder.assetcatalog; path = Assets.xcassets; sourceTree = "<group>"; };
		12450D2123C8DF61005ABB4A /* Base */ = {isa = PBXFileReference; lastKnownFileType = file.storyboard; name = Base; path = Base.lproj/LaunchScreen.storyboard; sourceTree = "<group>"; };
		12450D2323C8DF61005ABB4A /* Info.plist */ = {isa = PBXFileReference; lastKnownFileType = text.plist.xml; path = Info.plist; sourceTree = "<group>"; };
		12450D2E23C8EC8E005ABB4A /* NetworkClient.swift */ = {isa = PBXFileReference; lastKnownFileType = sourcecode.swift; path = NetworkClient.swift; sourceTree = "<group>"; };
		12450D3A23C8FF20005ABB4A /* MapViewController.swift */ = {isa = PBXFileReference; lastKnownFileType = sourcecode.swift; path = MapViewController.swift; sourceTree = "<group>"; };
		12450D3E23C90038005ABB4A /* LocationListTableViewController.swift */ = {isa = PBXFileReference; lastKnownFileType = sourcecode.swift; path = LocationListTableViewController.swift; sourceTree = "<group>"; };
		12450D4123C9B6E0005ABB4A /* String+Extension.swift */ = {isa = PBXFileReference; lastKnownFileType = sourcecode.swift; path = "String+Extension.swift"; sourceTree = "<group>"; };
		12450D4323C9BE76005ABB4A /* LoginRequest.swift */ = {isa = PBXFileReference; lastKnownFileType = sourcecode.swift; path = LoginRequest.swift; sourceTree = "<group>"; };
		12450D4523C9C2AE005ABB4A /* LoginResponse.swift */ = {isa = PBXFileReference; lastKnownFileType = sourcecode.swift; path = LoginResponse.swift; sourceTree = "<group>"; };
		12450D4723C9C310005ABB4A /* Account.swift */ = {isa = PBXFileReference; lastKnownFileType = sourcecode.swift; path = Account.swift; sourceTree = "<group>"; };
		12450D4923C9C349005ABB4A /* Session.swift */ = {isa = PBXFileReference; lastKnownFileType = sourcecode.swift; path = Session.swift; sourceTree = "<group>"; };
		12450D4D23C9CA4C005ABB4A /* ErrorResponse.swift */ = {isa = PBXFileReference; lastKnownFileType = sourcecode.swift; path = ErrorResponse.swift; sourceTree = "<group>"; };
		12450D5123CA4673005ABB4A /* UIViewController+Extension.swift */ = {isa = PBXFileReference; lastKnownFileType = sourcecode.swift; path = "UIViewController+Extension.swift"; sourceTree = "<group>"; };
		12450D5523CA5856005ABB4A /* UIColors+Extension.swift */ = {isa = PBXFileReference; lastKnownFileType = sourcecode.swift; path = "UIColors+Extension.swift"; sourceTree = "<group>"; };
		12450D5923CA5D6A005ABB4A /* StudentLocationManager.swift */ = {isa = PBXFileReference; lastKnownFileType = sourcecode.swift; path = StudentLocationManager.swift; sourceTree = "<group>"; };
		12450D5D23CA5F1C005ABB4A /* User.swift */ = {isa = PBXFileReference; lastKnownFileType = sourcecode.swift; path = User.swift; sourceTree = "<group>"; };
		12450D5F23CA7504005ABB4A /* StudentInformation.swift */ = {isa = PBXFileReference; lastKnownFileType = sourcecode.swift; path = StudentInformation.swift; sourceTree = "<group>"; };
		12450D6123CA78A4005ABB4A /* LocationResult.swift */ = {isa = PBXFileReference; lastKnownFileType = sourcecode.swift; path = LocationResult.swift; sourceTree = "<group>"; };
		12450D6323CA848C005ABB4A /* StudentLocationTableViewCell.swift */ = {isa = PBXFileReference; lastKnownFileType = sourcecode.swift; path = StudentLocationTableViewCell.swift; sourceTree = "<group>"; };
		12450D6523CB57C9005ABB4A /* StudentAnnotation.swift */ = {isa = PBXFileReference; lastKnownFileType = sourcecode.swift; path = StudentAnnotation.swift; sourceTree = "<group>"; };
		12B954B123CB7ABB0032F549 /* AddLocationViewController.swift */ = {isa = PBXFileReference; lastKnownFileType = sourcecode.swift; path = AddLocationViewController.swift; sourceTree = "<group>"; };
		12B954B323CB7D640032F549 /* Button+Extension.swift */ = {isa = PBXFileReference; lastKnownFileType = sourcecode.swift; path = "Button+Extension.swift"; sourceTree = "<group>"; };
		12B954B523CB81250032F549 /* AddUserLocationRequest.swift */ = {isa = PBXFileReference; lastKnownFileType = sourcecode.swift; path = AddUserLocationRequest.swift; sourceTree = "<group>"; };
		12B954B723CB85E20032F549 /* NewLocationPreviewViewController.swift */ = {isa = PBXFileReference; lastKnownFileType = sourcecode.swift; path = NewLocationPreviewViewController.swift; sourceTree = "<group>"; };
		12B954B923CB95830032F549 /* AddLocationResponse.swift */ = {isa = PBXFileReference; lastKnownFileType = sourcecode.swift; path = AddLocationResponse.swift; sourceTree = "<group>"; };
		12B954BB23CBA0720032F549 /* UpdateLocationResponse.swift */ = {isa = PBXFileReference; lastKnownFileType = sourcecode.swift; path = UpdateLocationResponse.swift; sourceTree = "<group>"; };
		3141DD5C6BFC3DC371885385 /* Pods_On_the_Map.framework */ = {isa = PBXFileReference; explicitFileType = wrapper.framework; includeInIndex = 0; path = Pods_On_the_Map.framework; sourceTree = BUILT_PRODUCTS_DIR; };
		31671BAF331CE9F4439EE112 /* Pods-On the Map.debug.xcconfig */ = {isa = PBXFileReference; includeInIndex = 1; lastKnownFileType = text.xcconfig; name = "Pods-On the Map.debug.xcconfig"; path = "Target Support Files/Pods-On the Map/Pods-On the Map.debug.xcconfig"; sourceTree = "<group>"; };
		54DEFC108B8D0C2AAC4A18FC /* Pods-On the Map.release.xcconfig */ = {isa = PBXFileReference; includeInIndex = 1; lastKnownFileType = text.xcconfig; name = "Pods-On the Map.release.xcconfig"; path = "Target Support Files/Pods-On the Map/Pods-On the Map.release.xcconfig"; sourceTree = "<group>"; };
/* End PBXFileReference section */

/* Begin PBXFrameworksBuildPhase section */
		12450D0F23C8DF60005ABB4A /* Frameworks */ = {
			isa = PBXFrameworksBuildPhase;
			buildActionMask = 2147483647;
			files = (
				2548B51B989CED838F9466C7 /* Pods_On_the_Map.framework in Frameworks */,
			);
			runOnlyForDeploymentPostprocessing = 0;
		};
/* End PBXFrameworksBuildPhase section */

/* Begin PBXGroup section */
		12450D0923C8DF60005ABB4A = {
			isa = PBXGroup;
			children = (
				12450D1423C8DF60005ABB4A /* On the Map */,
				12450D1323C8DF60005ABB4A /* Products */,
				70E8D5F05E517163CE612DB9 /* Pods */,
				72252DD552DF40D10EBE8FD9 /* Frameworks */,
			);
			sourceTree = "<group>";
		};
		12450D1323C8DF60005ABB4A /* Products */ = {
			isa = PBXGroup;
			children = (
				12450D1223C8DF60005ABB4A /* On the Map.app */,
			);
			name = Products;
			sourceTree = "<group>";
		};
		12450D1423C8DF60005ABB4A /* On the Map */ = {
			isa = PBXGroup;
			children = (
				12450D1523C8DF60005ABB4A /* AppDelegate.swift */,
				12450D1723C8DF60005ABB4A /* SceneDelegate.swift */,
				12450D2B23C8DFB4005ABB4A /* Model */,
				12450D2C23C8DFBE005ABB4A /* View */,
				12450D2A23C8DFAA005ABB4A /* Controller */,
				12450D2923C8DF95005ABB4A /* Assets */,
				12450D4023C9B6C3005ABB4A /* Extensions */,
				12450D2323C8DF61005ABB4A /* Info.plist */,
			);
			path = "On the Map";
			sourceTree = "<group>";
		};
		12450D2923C8DF95005ABB4A /* Assets */ = {
			isa = PBXGroup;
			children = (
				12450D1B23C8DF60005ABB4A /* Main.storyboard */,
				12450D1E23C8DF61005ABB4A /* Assets.xcassets */,
				12450D2023C8DF61005ABB4A /* LaunchScreen.storyboard */,
			);
			path = Assets;
			sourceTree = "<group>";
		};
		12450D2A23C8DFAA005ABB4A /* Controller */ = {
			isa = PBXGroup;
			children = (
				12450D1923C8DF60005ABB4A /* LoginViewController.swift */,
				12450D3A23C8FF20005ABB4A /* MapViewController.swift */,
				12450D3E23C90038005ABB4A /* LocationListTableViewController.swift */,
				12B954B123CB7ABB0032F549 /* AddLocationViewController.swift */,
				12B954B723CB85E20032F549 /* NewLocationPreviewViewController.swift */,
			);
			path = Controller;
			sourceTree = "<group>";
		};
		12450D2B23C8DFB4005ABB4A /* Model */ = {
			isa = PBXGroup;
			children = (
				12450D3023C8ECB9005ABB4A /* Data */,
				12450D2D23C8EC78005ABB4A /* Network Client */,
				12450D3123C8ED3B005ABB4A /* Network Requests */,
				12450D3223C8ED45005ABB4A /* Network Responses */,
			);
			path = Model;
			sourceTree = "<group>";
		};
		12450D2C23C8DFBE005ABB4A /* View */ = {
			isa = PBXGroup;
			children = (
				12450D6323CA848C005ABB4A /* StudentLocationTableViewCell.swift */,
			);
			path = View;
			sourceTree = "<group>";
		};
		12450D2D23C8EC78005ABB4A /* Network Client */ = {
			isa = PBXGroup;
			children = (
				12450D2E23C8EC8E005ABB4A /* NetworkClient.swift */,
			);
			path = "Network Client";
			sourceTree = "<group>";
		};
		12450D3023C8ECB9005ABB4A /* Data */ = {
			isa = PBXGroup;
			children = (
				12450D5923CA5D6A005ABB4A /* StudentLocationManager.swift */,
				12450D6523CB57C9005ABB4A /* StudentAnnotation.swift */,
			);
			path = Data;
			sourceTree = "<group>";
		};
		12450D3123C8ED3B005ABB4A /* Network Requests */ = {
			isa = PBXGroup;
			children = (
				12450D4323C9BE76005ABB4A /* LoginRequest.swift */,
				12B954B523CB81250032F549 /* AddUserLocationRequest.swift */,
			);
			path = "Network Requests";
			sourceTree = "<group>";
		};
		12450D3223C8ED45005ABB4A /* Network Responses */ = {
			isa = PBXGroup;
			children = (
				12450D4523C9C2AE005ABB4A /* LoginResponse.swift */,
				12450D4723C9C310005ABB4A /* Account.swift */,
				12450D4923C9C349005ABB4A /* Session.swift */,
				12450D4D23C9CA4C005ABB4A /* ErrorResponse.swift */,
				12450D5D23CA5F1C005ABB4A /* User.swift */,
				12450D5F23CA7504005ABB4A /* StudentInformation.swift */,
				12450D6123CA78A4005ABB4A /* LocationResult.swift */,
				12B954B923CB95830032F549 /* AddLocationResponse.swift */,
				12B954BB23CBA0720032F549 /* UpdateLocationResponse.swift */,
			);
			path = "Network Responses";
			sourceTree = "<group>";
		};
		12450D4023C9B6C3005ABB4A /* Extensions */ = {
			isa = PBXGroup;
			children = (
				12450D4123C9B6E0005ABB4A /* String+Extension.swift */,
				12450D5123CA4673005ABB4A /* UIViewController+Extension.swift */,
				12450D5523CA5856005ABB4A /* UIColors+Extension.swift */,
				12B954B323CB7D640032F549 /* Button+Extension.swift */,
			);
			path = Extensions;
			sourceTree = "<group>";
		};
		70E8D5F05E517163CE612DB9 /* Pods */ = {
			isa = PBXGroup;
			children = (
				31671BAF331CE9F4439EE112 /* Pods-On the Map.debug.xcconfig */,
				54DEFC108B8D0C2AAC4A18FC /* Pods-On the Map.release.xcconfig */,
			);
			path = Pods;
			sourceTree = "<group>";
		};
		72252DD552DF40D10EBE8FD9 /* Frameworks */ = {
			isa = PBXGroup;
			children = (
				3141DD5C6BFC3DC371885385 /* Pods_On_the_Map.framework */,
			);
			name = Frameworks;
			sourceTree = "<group>";
		};
/* End PBXGroup section */

/* Begin PBXNativeTarget section */
		12450D1123C8DF60005ABB4A /* On the Map */ = {
			isa = PBXNativeTarget;
			buildConfigurationList = 12450D2623C8DF61005ABB4A /* Build configuration list for PBXNativeTarget "On the Map" */;
			buildPhases = (
				455746A4ABFC878BD95EEE10 /* [CP] Check Pods Manifest.lock */,
				12450D0E23C8DF60005ABB4A /* Sources */,
				12450D0F23C8DF60005ABB4A /* Frameworks */,
				12450D1023C8DF60005ABB4A /* Resources */,
				3F0BCE095E65DCD53C0D42C0 /* [CP] Embed Pods Frameworks */,
			);
			buildRules = (
			);
			dependencies = (
			);
			name = "On the Map";
			productName = "On the Map";
			productReference = 12450D1223C8DF60005ABB4A /* On the Map.app */;
			productType = "com.apple.product-type.application";
		};
/* End PBXNativeTarget section */

/* Begin PBXProject section */
		12450D0A23C8DF60005ABB4A /* Project object */ = {
			isa = PBXProject;
			attributes = {
				LastSwiftUpdateCheck = 1130;
				LastUpgradeCheck = 1130;
				ORGANIZATIONNAME = "Emmanuel Okwara";
				TargetAttributes = {
					12450D1123C8DF60005ABB4A = {
						CreatedOnToolsVersion = 11.3;
					};
				};
			};
			buildConfigurationList = 12450D0D23C8DF60005ABB4A /* Build configuration list for PBXProject "On the Map" */;
			compatibilityVersion = "Xcode 9.3";
			developmentRegion = en;
			hasScannedForEncodings = 0;
			knownRegions = (
				en,
				Base,
			);
			mainGroup = 12450D0923C8DF60005ABB4A;
			productRefGroup = 12450D1323C8DF60005ABB4A /* Products */;
			projectDirPath = "";
			projectRoot = "";
			targets = (
				12450D1123C8DF60005ABB4A /* On the Map */,
			);
		};
/* End PBXProject section */

/* Begin PBXResourcesBuildPhase section */
		12450D1023C8DF60005ABB4A /* Resources */ = {
			isa = PBXResourcesBuildPhase;
			buildActionMask = 2147483647;
			files = (
				12450D2223C8DF61005ABB4A /* LaunchScreen.storyboard in Resources */,
				12450D1F23C8DF61005ABB4A /* Assets.xcassets in Resources */,
				12450D1D23C8DF60005ABB4A /* Main.storyboard in Resources */,
			);
			runOnlyForDeploymentPostprocessing = 0;
		};
/* End PBXResourcesBuildPhase section */

/* Begin PBXShellScriptBuildPhase section */
		3F0BCE095E65DCD53C0D42C0 /* [CP] Embed Pods Frameworks */ = {
			isa = PBXShellScriptBuildPhase;
			buildActionMask = 2147483647;
			files = (
			);
			inputFileListPaths = (
				"${PODS_ROOT}/Target Support Files/Pods-On the Map/Pods-On the Map-frameworks-${CONFIGURATION}-input-files.xcfilelist",
			);
			name = "[CP] Embed Pods Frameworks";
			outputFileListPaths = (
				"${PODS_ROOT}/Target Support Files/Pods-On the Map/Pods-On the Map-frameworks-${CONFIGURATION}-output-files.xcfilelist",
			);
			runOnlyForDeploymentPostprocessing = 0;
			shellPath = /bin/sh;
			shellScript = "\"${PODS_ROOT}/Target Support Files/Pods-On the Map/Pods-On the Map-frameworks.sh\"\n";
			showEnvVarsInLog = 0;
		};
		455746A4ABFC878BD95EEE10 /* [CP] Check Pods Manifest.lock */ = {
			isa = PBXShellScriptBuildPhase;
			buildActionMask = 2147483647;
			files = (
			);
			inputFileListPaths = (
			);
			inputPaths = (
				"${PODS_PODFILE_DIR_PATH}/Podfile.lock",
				"${PODS_ROOT}/Manifest.lock",
			);
			name = "[CP] Check Pods Manifest.lock";
			outputFileListPaths = (
			);
			outputPaths = (
				"$(DERIVED_FILE_DIR)/Pods-On the Map-checkManifestLockResult.txt",
			);
			runOnlyForDeploymentPostprocessing = 0;
			shellPath = /bin/sh;
			shellScript = "diff \"${PODS_PODFILE_DIR_PATH}/Podfile.lock\" \"${PODS_ROOT}/Manifest.lock\" > /dev/null\nif [ $? != 0 ] ; then\n    # print error to STDERR\n    echo \"error: The sandbox is not in sync with the Podfile.lock. Run 'pod install' or update your CocoaPods installation.\" >&2\n    exit 1\nfi\n# This output is used by Xcode 'outputs' to avoid re-running this script phase.\necho \"SUCCESS\" > \"${SCRIPT_OUTPUT_FILE_0}\"\n";
			showEnvVarsInLog = 0;
		};
/* End PBXShellScriptBuildPhase section */

/* Begin PBXSourcesBuildPhase section */
		12450D0E23C8DF60005ABB4A /* Sources */ = {
			isa = PBXSourcesBuildPhase;
			buildActionMask = 2147483647;
			files = (
				12450D6623CB57CA005ABB4A /* StudentAnnotation.swift in Sources */,
				12450D4423C9BE76005ABB4A /* LoginRequest.swift in Sources */,
				12450D4823C9C310005ABB4A /* Account.swift in Sources */,
				12450D5A23CA5D6A005ABB4A /* StudentLocationManager.swift in Sources */,
				12450D4223C9B6E0005ABB4A /* String+Extension.swift in Sources */,
				12B954B823CB85E20032F549 /* NewLocationPreviewViewController.swift in Sources */,
				12450D3F23C90038005ABB4A /* LocationListTableViewController.swift in Sources */,
				12450D5223CA4673005ABB4A /* UIViewController+Extension.swift in Sources */,
				12450D1A23C8DF60005ABB4A /* LoginViewController.swift in Sources */,
				12450D5E23CA5F1C005ABB4A /* User.swift in Sources */,
				12B954B623CB81250032F549 /* AddUserLocationRequest.swift in Sources */,
				12450D4623C9C2AE005ABB4A /* LoginResponse.swift in Sources */,
				12B954B223CB7ABB0032F549 /* AddLocationViewController.swift in Sources */,
				12450D3B23C8FF20005ABB4A /* MapViewController.swift in Sources */,
				12450D4A23C9C349005ABB4A /* Session.swift in Sources */,
				12450D5623CA5856005ABB4A /* UIColors+Extension.swift in Sources */,
				12450D1623C8DF60005ABB4A /* AppDelegate.swift in Sources */,
				12450D1823C8DF60005ABB4A /* SceneDelegate.swift in Sources */,
				12B954BC23CBA0720032F549 /* UpdateLocationResponse.swift in Sources */,
				12450D2F23C8EC8E005ABB4A /* NetworkClient.swift in Sources */,
				12B954BA23CB95830032F549 /* AddLocationResponse.swift in Sources */,
				12450D6423CA848C005ABB4A /* StudentLocationTableViewCell.swift in Sources */,
				12450D6223CA78A4005ABB4A /* LocationResult.swift in Sources */,
				12450D6023CA7504005ABB4A /* StudentInformation.swift in Sources */,
				12450D4E23C9CA4C005ABB4A /* ErrorResponse.swift in Sources */,
				12B954B423CB7D640032F549 /* Button+Extension.swift in Sources */,
			);
			runOnlyForDeploymentPostprocessing = 0;
		};
/* End PBXSourcesBuildPhase section */

/* Begin PBXVariantGroup section */
		12450D1B23C8DF60005ABB4A /* Main.storyboard */ = {
			isa = PBXVariantGroup;
			children = (
				12450D1C23C8DF60005ABB4A /* Base */,
			);
			name = Main.storyboard;
			sourceTree = "<group>";
		};
		12450D2023C8DF61005ABB4A /* LaunchScreen.storyboard */ = {
			isa = PBXVariantGroup;
			children = (
				12450D2123C8DF61005ABB4A /* Base */,
			);
			name = LaunchScreen.storyboard;
			sourceTree = "<group>";
		};
/* End PBXVariantGroup section */

/* Begin XCBuildConfiguration section */
		12450D2423C8DF61005ABB4A /* Debug */ = {
			isa = XCBuildConfiguration;
			buildSettings = {
				ALWAYS_SEARCH_USER_PATHS = NO;
				CLANG_ANALYZER_NONNULL = YES;
				CLANG_ANALYZER_NUMBER_OBJECT_CONVERSION = YES_AGGRESSIVE;
				CLANG_CXX_LANGUAGE_STANDARD = "gnu++14";
				CLANG_CXX_LIBRARY = "libc++";
				CLANG_ENABLE_MODULES = YES;
				CLANG_ENABLE_OBJC_ARC = YES;
				CLANG_ENABLE_OBJC_WEAK = YES;
				CLANG_WARN_BLOCK_CAPTURE_AUTORELEASING = YES;
				CLANG_WARN_BOOL_CONVERSION = YES;
				CLANG_WARN_COMMA = YES;
				CLANG_WARN_CONSTANT_CONVERSION = YES;
				CLANG_WARN_DEPRECATED_OBJC_IMPLEMENTATIONS = YES;
				CLANG_WARN_DIRECT_OBJC_ISA_USAGE = YES_ERROR;
				CLANG_WARN_DOCUMENTATION_COMMENTS = YES;
				CLANG_WARN_EMPTY_BODY = YES;
				CLANG_WARN_ENUM_CONVERSION = YES;
				CLANG_WARN_INFINITE_RECURSION = YES;
				CLANG_WARN_INT_CONVERSION = YES;
				CLANG_WARN_NON_LITERAL_NULL_CONVERSION = YES;
				CLANG_WARN_OBJC_IMPLICIT_RETAIN_SELF = YES;
				CLANG_WARN_OBJC_LITERAL_CONVERSION = YES;
				CLANG_WARN_OBJC_ROOT_CLASS = YES_ERROR;
				CLANG_WARN_RANGE_LOOP_ANALYSIS = YES;
				CLANG_WARN_STRICT_PROTOTYPES = YES;
				CLANG_WARN_SUSPICIOUS_MOVE = YES;
				CLANG_WARN_UNGUARDED_AVAILABILITY = YES_AGGRESSIVE;
				CLANG_WARN_UNREACHABLE_CODE = YES;
				CLANG_WARN__DUPLICATE_METHOD_MATCH = YES;
				COPY_PHASE_STRIP = NO;
				DEBUG_INFORMATION_FORMAT = dwarf;
				ENABLE_STRICT_OBJC_MSGSEND = YES;
				ENABLE_TESTABILITY = YES;
				GCC_C_LANGUAGE_STANDARD = gnu11;
				GCC_DYNAMIC_NO_PIC = NO;
				GCC_NO_COMMON_BLOCKS = YES;
				GCC_OPTIMIZATION_LEVEL = 0;
				GCC_PREPROCESSOR_DEFINITIONS = (
					"DEBUG=1",
					"$(inherited)",
				);
				GCC_WARN_64_TO_32_BIT_CONVERSION = YES;
				GCC_WARN_ABOUT_RETURN_TYPE = YES_ERROR;
				GCC_WARN_UNDECLARED_SELECTOR = YES;
				GCC_WARN_UNINITIALIZED_AUTOS = YES_AGGRESSIVE;
				GCC_WARN_UNUSED_FUNCTION = YES;
				GCC_WARN_UNUSED_VARIABLE = YES;
				IPHONEOS_DEPLOYMENT_TARGET = 13.2;
				MTL_ENABLE_DEBUG_INFO = INCLUDE_SOURCE;
				MTL_FAST_MATH = YES;
				ONLY_ACTIVE_ARCH = YES;
				SDKROOT = iphoneos;
				SWIFT_ACTIVE_COMPILATION_CONDITIONS = DEBUG;
				SWIFT_OPTIMIZATION_LEVEL = "-Onone";
			};
			name = Debug;
		};
		12450D2523C8DF61005ABB4A /* Release */ = {
			isa = XCBuildConfiguration;
			buildSettings = {
				ALWAYS_SEARCH_USER_PATHS = NO;
				CLANG_ANALYZER_NONNULL = YES;
				CLANG_ANALYZER_NUMBER_OBJECT_CONVERSION = YES_AGGRESSIVE;
				CLANG_CXX_LANGUAGE_STANDARD = "gnu++14";
				CLANG_CXX_LIBRARY = "libc++";
				CLANG_ENABLE_MODULES = YES;
				CLANG_ENABLE_OBJC_ARC = YES;
				CLANG_ENABLE_OBJC_WEAK = YES;
				CLANG_WARN_BLOCK_CAPTURE_AUTORELEASING = YES;
				CLANG_WARN_BOOL_CONVERSION = YES;
				CLANG_WARN_COMMA = YES;
				CLANG_WARN_CONSTANT_CONVERSION = YES;
				CLANG_WARN_DEPRECATED_OBJC_IMPLEMENTATIONS = YES;
				CLANG_WARN_DIRECT_OBJC_ISA_USAGE = YES_ERROR;
				CLANG_WARN_DOCUMENTATION_COMMENTS = YES;
				CLANG_WARN_EMPTY_BODY = YES;
				CLANG_WARN_ENUM_CONVERSION = YES;
				CLANG_WARN_INFINITE_RECURSION = YES;
				CLANG_WARN_INT_CONVERSION = YES;
				CLANG_WARN_NON_LITERAL_NULL_CONVERSION = YES;
				CLANG_WARN_OBJC_IMPLICIT_RETAIN_SELF = YES;
				CLANG_WARN_OBJC_LITERAL_CONVERSION = YES;
				CLANG_WARN_OBJC_ROOT_CLASS = YES_ERROR;
				CLANG_WARN_RANGE_LOOP_ANALYSIS = YES;
				CLANG_WARN_STRICT_PROTOTYPES = YES;
				CLANG_WARN_SUSPICIOUS_MOVE = YES;
				CLANG_WARN_UNGUARDED_AVAILABILITY = YES_AGGRESSIVE;
				CLANG_WARN_UNREACHABLE_CODE = YES;
				CLANG_WARN__DUPLICATE_METHOD_MATCH = YES;
				COPY_PHASE_STRIP = NO;
				DEBUG_INFORMATION_FORMAT = "dwarf-with-dsym";
				ENABLE_NS_ASSERTIONS = NO;
				ENABLE_STRICT_OBJC_MSGSEND = YES;
				GCC_C_LANGUAGE_STANDARD = gnu11;
				GCC_NO_COMMON_BLOCKS = YES;
				GCC_WARN_64_TO_32_BIT_CONVERSION = YES;
				GCC_WARN_ABOUT_RETURN_TYPE = YES_ERROR;
				GCC_WARN_UNDECLARED_SELECTOR = YES;
				GCC_WARN_UNINITIALIZED_AUTOS = YES_AGGRESSIVE;
				GCC_WARN_UNUSED_FUNCTION = YES;
				GCC_WARN_UNUSED_VARIABLE = YES;
				IPHONEOS_DEPLOYMENT_TARGET = 13.2;
				MTL_ENABLE_DEBUG_INFO = NO;
				MTL_FAST_MATH = YES;
				SDKROOT = iphoneos;
				SWIFT_COMPILATION_MODE = wholemodule;
				SWIFT_OPTIMIZATION_LEVEL = "-O";
				VALIDATE_PRODUCT = YES;
			};
			name = Release;
		};
		12450D2723C8DF61005ABB4A /* Debug */ = {
			isa = XCBuildConfiguration;
			baseConfigurationReference = 31671BAF331CE9F4439EE112 /* Pods-On the Map.debug.xcconfig */;
			buildSettings = {
				ASSETCATALOG_COMPILER_APPICON_NAME = AppIcon;
				CODE_SIGN_STYLE = Automatic;
				INFOPLIST_FILE = "On the Map/Info.plist";
				LD_RUNPATH_SEARCH_PATHS = (
					"$(inherited)",
					"@executable_path/Frameworks",
				);
				PRODUCT_BUNDLE_IDENTIFIER = "com.macco.On-the-Map";
				PRODUCT_NAME = "$(TARGET_NAME)";
				SWIFT_VERSION = 5.0;
				TARGETED_DEVICE_FAMILY = "1,2";
			};
			name = Debug;
		};
		12450D2823C8DF61005ABB4A /* Release */ = {
			isa = XCBuildConfiguration;
			baseConfigurationReference = 54DEFC108B8D0C2AAC4A18FC /* Pods-On the Map.release.xcconfig */;
			buildSettings = {
				ASSETCATALOG_COMPILER_APPICON_NAME = AppIcon;
				CODE_SIGN_STYLE = Automatic;
				INFOPLIST_FILE = "On the Map/Info.plist";
				LD_RUNPATH_SEARCH_PATHS = (
					"$(inherited)",
					"@executable_path/Frameworks",
				);
				PRODUCT_BUNDLE_IDENTIFIER = "com.macco.On-the-Map";
				PRODUCT_NAME = "$(TARGET_NAME)";
				SWIFT_VERSION = 5.0;
				TARGETED_DEVICE_FAMILY = "1,2";
			};
			name = Release;
		};
/* End XCBuildConfiguration section */

/* Begin XCConfigurationList section */
		12450D0D23C8DF60005ABB4A /* Build configuration list for PBXProject "On the Map" */ = {
			isa = XCConfigurationList;
			buildConfigurations = (
				12450D2423C8DF61005ABB4A /* Debug */,
				12450D2523C8DF61005ABB4A /* Release */,
			);
			defaultConfigurationIsVisible = 0;
			defaultConfigurationName = Release;
		};
		12450D2623C8DF61005ABB4A /* Build configuration list for PBXNativeTarget "On the Map" */ = {
			isa = XCConfigurationList;
			buildConfigurations = (
				12450D2723C8DF61005ABB4A /* Debug */,
				12450D2823C8DF61005ABB4A /* Release */,
			);
			defaultConfigurationIsVisible = 0;
			defaultConfigurationName = Release;
		};
/* End XCConfigurationList section */
	};
	rootObject = 12450D0A23C8DF60005ABB4A /* Project object */;
}
